
Microsoft Visual Studio Solution File, Format Version 12.00
# Visual Studio Version 17
VisualStudioVersion = 17.0.31903.59
MinimumVisualStudioVersion = 10.0.40219.1
Project("{2150E333-8FDC-42A3-9474-1A3956D46DE8}") = "src", "src", "{827E0CD3-B72D-47B6-A68D-7590B98EB39B}"
EndProject
Project("{2150E333-8FDC-42A3-9474-1A3956D46DE8}") = "tests", "tests", "{0AB3BF05-4346-4AA6-1389-037BE0695223}"
EndProject
Project("{2150E333-8FDC-42A3-9474-1A3956D46DE8}") = "Transferencia", "Transferencia", "{5F8FD2B2-2400-A2B3-11A6-4143C585B5D7}"
EndProject
Project("{FAE04EC0-301F-11D3-BF4B-00C04F79EFBC}") = "Transferencia.API", "src\Transferencia\Transferencia.API\Transferencia.API.csproj", "{6B8CBE40-8592-4294-AD78-685BD08FD32A}"
EndProject
Project("{FAE04EC0-301F-11D3-BF4B-00C04F79EFBC}") = "Transferencia.Application", "src\Transferencia\Transferencia.Application\Transferencia.Application.csproj", "{C461CF9D-7243-4B83-B67E-92DF509482B6}"
EndProject
Project("{FAE04EC0-301F-11D3-BF4B-00C04F79EFBC}") = "Transferencia.Domain", "src\Transferencia\Transferencia.Domain\Transferencia.Domain.csproj", "{82D6B9D3-B79C-4F54-9790-764BBDA4F147}"
EndProject
Project("{FAE04EC0-301F-11D3-BF4B-00C04F79EFBC}") = "Transferencia.Infrastructure", "src\Transferencia\Transferencia.Infrastructure\Transferencia.Infrastructure.csproj", "{09199FE1-CE9C-40A5-9B52-45040BC24A5F}"
EndProject
Project("{2150E333-8FDC-42A3-9474-1A3956D46DE8}") = "Transferencia", "Transferencia", "{C8E15FDD-04E5-5EAA-C3B2-02DB65FB9DFB}"
EndProject
Project("{FAE04EC0-301F-11D3-BF4B-00C04F79EFBC}") = "Transferencia.Tests", "tests\Transferencia\Transferencia.Tests\Transferencia.Tests.csproj", "{5CA7C166-7E40-4F45-A339-517C6776BB76}"
EndProject
Project("{2150E333-8FDC-42A3-9474-1A3956D46DE8}") = "ContaCorrente", "ContaCorrente", "{1526D96C-3DCC-D988-3E6C-ADC13780DF33}"
EndProject
Project("{FAE04EC0-301F-11D3-BF4B-00C04F79EFBC}") = "ContaCorrente.API", "src\ContaCorrente\ContaCorrente.API\ContaCorrente.API.csproj", "{92E6337C-E464-4EA1-9437-929656283440}"
EndProject
Project("{FAE04EC0-301F-11D3-BF4B-00C04F79EFBC}") = "ContaCorrente.Application", "src\ContaCorrente\ContaCorrente.Application\ContaCorrente.Application.csproj", "{6B14BC34-3783-490A-A294-BF52E4D70438}"
EndProject
Project("{FAE04EC0-301F-11D3-BF4B-00C04F79EFBC}") = "ContaCorrente.Domain", "src\ContaCorrente\ContaCorrente.Domain\ContaCorrente.Domain.csproj", "{158DDA9F-F801-4CD7-9057-51552FB6A856}"
EndProject
Project("{FAE04EC0-301F-11D3-BF4B-00C04F79EFBC}") = "ContaCorrente.Infrastructure", "src\ContaCorrente\ContaCorrente.Infrastructure\ContaCorrente.Infrastructure.csproj", "{5B73976B-DD81-44F7-8857-FB32EAD4AF8F}"
EndProject
Project("{2150E333-8FDC-42A3-9474-1A3956D46DE8}") = "ContaCorrente", "ContaCorrente", "{08B724E0-449A-D164-429C-28EA119E1705}"
EndProject
Project("{FAE04EC0-301F-11D3-BF4B-00C04F79EFBC}") = "ContaCorrente.Tests", "tests\ContaCorrente\ContaCorrente.Tests\ContaCorrente.Tests.csproj", "{160FF5C1-ED0D-4A53-B3AD-C2F2A0FCC5B7}"
EndProject
Project("{2150E333-8FDC-42A3-9474-1A3956D46DE8}") = "Itens de Solução", "Itens de Solução", "{380A7511-A354-6D7A-0CC0-8FA1F1BA7B6C}"
	ProjectSection(SolutionItems) = preProject
		docker-compose.yml = docker-compose.yml
	EndProjectSection
EndProject
Global
	GlobalSection(SolutionConfigurationPlatforms) = preSolution
		Debug|Any CPU = Debug|Any CPU
		Debug|x64 = Debug|x64
		Debug|x86 = Debug|x86
		Release|Any CPU = Release|Any CPU
		Release|x64 = Release|x64
		Release|x86 = Release|x86
	EndGlobalSection
	GlobalSection(ProjectConfigurationPlatforms) = postSolution
		{6B8CBE40-8592-4294-AD78-685BD08FD32A}.Debug|Any CPU.ActiveCfg = Debug|Any CPU
		{6B8CBE40-8592-4294-AD78-685BD08FD32A}.Debug|Any CPU.Build.0 = Debug|Any CPU
		{6B8CBE40-8592-4294-AD78-685BD08FD32A}.Debug|x64.ActiveCfg = Debug|Any CPU
		{6B8CBE40-8592-4294-AD78-685BD08FD32A}.Debug|x64.Build.0 = Debug|Any CPU
		{6B8CBE40-8592-4294-AD78-685BD08FD32A}.Debug|x86.ActiveCfg = Debug|Any CPU
		{6B8CBE40-8592-4294-AD78-685BD08FD32A}.Debug|x86.Build.0 = Debug|Any CPU
		{6B8CBE40-8592-4294-AD78-685BD08FD32A}.Release|Any CPU.ActiveCfg = Release|Any CPU
		{6B8CBE40-8592-4294-AD78-685BD08FD32A}.Release|Any CPU.Build.0 = Release|Any CPU
		{6B8CBE40-8592-4294-AD78-685BD08FD32A}.Release|x64.ActiveCfg = Release|Any CPU
		{6B8CBE40-8592-4294-AD78-685BD08FD32A}.Release|x64.Build.0 = Release|Any CPU
		{6B8CBE40-8592-4294-AD78-685BD08FD32A}.Release|x86.ActiveCfg = Release|Any CPU
		{6B8CBE40-8592-4294-AD78-685BD08FD32A}.Release|x86.Build.0 = Release|Any CPU
		{C461CF9D-7243-4B83-B67E-92DF509482B6}.Debug|Any CPU.ActiveCfg = Debug|Any CPU
		{C461CF9D-7243-4B83-B67E-92DF509482B6}.Debug|Any CPU.Build.0 = Debug|Any CPU
		{C461CF9D-7243-4B83-B67E-92DF509482B6}.Debug|x64.ActiveCfg = Debug|Any CPU
		{C461CF9D-7243-4B83-B67E-92DF509482B6}.Debug|x64.Build.0 = Debug|Any CPU
		{C461CF9D-7243-4B83-B67E-92DF509482B6}.Debug|x86.ActiveCfg = Debug|Any CPU
		{C461CF9D-7243-4B83-B67E-92DF509482B6}.Debug|x86.Build.0 = Debug|Any CPU
		{C461CF9D-7243-4B83-B67E-92DF509482B6}.Release|Any CPU.ActiveCfg = Release|Any CPU
		{C461CF9D-7243-4B83-B67E-92DF509482B6}.Release|Any CPU.Build.0 = Release|Any CPU
		{C461CF9D-7243-4B83-B67E-92DF509482B6}.Release|x64.ActiveCfg = Release|Any CPU
		{C461CF9D-7243-4B83-B67E-92DF509482B6}.Release|x64.Build.0 = Release|Any CPU
		{C461CF9D-7243-4B83-B67E-92DF509482B6}.Release|x86.ActiveCfg = Release|Any CPU
		{C461CF9D-7243-4B83-B67E-92DF509482B6}.Release|x86.Build.0 = Release|Any CPU
		{82D6B9D3-B79C-4F54-9790-764BBDA4F147}.Debug|Any CPU.ActiveCfg = Debug|Any CPU
		{82D6B9D3-B79C-4F54-9790-764BBDA4F147}.Debug|Any CPU.Build.0 = Debug|Any CPU
		{82D6B9D3-B79C-4F54-9790-764BBDA4F147}.Debug|x64.ActiveCfg = Debug|Any CPU
		{82D6B9D3-B79C-4F54-9790-764BBDA4F147}.Debug|x64.Build.0 = Debug|Any CPU
		{82D6B9D3-B79C-4F54-9790-764BBDA4F147}.Debug|x86.ActiveCfg = Debug|Any CPU
		{82D6B9D3-B79C-4F54-9790-764BBDA4F147}.Debug|x86.Build.0 = Debug|Any CPU
		{82D6B9D3-B79C-4F54-9790-764BBDA4F147}.Release|Any CPU.ActiveCfg = Release|Any CPU
		{82D6B9D3-B79C-4F54-9790-764BBDA4F147}.Release|Any CPU.Build.0 = Release|Any CPU
		{82D6B9D3-B79C-4F54-9790-764BBDA4F147}.Release|x64.ActiveCfg = Release|Any CPU
		{82D6B9D3-B79C-4F54-9790-764BBDA4F147}.Release|x64.Build.0 = Release|Any CPU
		{82D6B9D3-B79C-4F54-9790-764BBDA4F147}.Release|x86.ActiveCfg = Release|Any CPU
		{82D6B9D3-B79C-4F54-9790-764BBDA4F147}.Release|x86.Build.0 = Release|Any CPU
		{09199FE1-CE9C-40A5-9B52-45040BC24A5F}.Debug|Any CPU.ActiveCfg = Debug|Any CPU
		{09199FE1-CE9C-40A5-9B52-45040BC24A5F}.Debug|Any CPU.Build.0 = Debug|Any CPU
		{09199FE1-CE9C-40A5-9B52-45040BC24A5F}.Debug|x64.ActiveCfg = Debug|Any CPU
		{09199FE1-CE9C-40A5-9B52-45040BC24A5F}.Debug|x64.Build.0 = Debug|Any CPU
		{09199FE1-CE9C-40A5-9B52-45040BC24A5F}.Debug|x86.ActiveCfg = Debug|Any CPU
		{09199FE1-CE9C-40A5-9B52-45040BC24A5F}.Debug|x86.Build.0 = Debug|Any CPU
		{09199FE1-CE9C-40A5-9B52-45040BC24A5F}.Release|Any CPU.ActiveCfg = Release|Any CPU
		{09199FE1-CE9C-40A5-9B52-45040BC24A5F}.Release|Any CPU.Build.0 = Release|Any CPU
		{09199FE1-CE9C-40A5-9B52-45040BC24A5F}.Release|x64.ActiveCfg = Release|Any CPU
		{09199FE1-CE9C-40A5-9B52-45040BC24A5F}.Release|x64.Build.0 = Release|Any CPU
		{09199FE1-CE9C-40A5-9B52-45040BC24A5F}.Release|x86.ActiveCfg = Release|Any CPU
		{09199FE1-CE9C-40A5-9B52-45040BC24A5F}.Release|x86.Build.0 = Release|Any CPU
		{5CA7C166-7E40-4F45-A339-517C6776BB76}.Debug|Any CPU.ActiveCfg = Debug|Any CPU
		{5CA7C166-7E40-4F45-A339-517C6776BB76}.Debug|Any CPU.Build.0 = Debug|Any CPU
		{5CA7C166-7E40-4F45-A339-517C6776BB76}.Debug|x64.ActiveCfg = Debug|Any CPU
		{5CA7C166-7E40-4F45-A339-517C6776BB76}.Debug|x64.Build.0 = Debug|Any CPU
		{5CA7C166-7E40-4F45-A339-517C6776BB76}.Debug|x86.ActiveCfg = Debug|Any CPU
		{5CA7C166-7E40-4F45-A339-517C6776BB76}.Debug|x86.Build.0 = Debug|Any CPU
		{5CA7C166-7E40-4F45-A339-517C6776BB76}.Release|Any CPU.ActiveCfg = Release|Any CPU
		{5CA7C166-7E40-4F45-A339-517C6776BB76}.Release|Any CPU.Build.0 = Release|Any CPU
		{5CA7C166-7E40-4F45-A339-517C6776BB76}.Release|x64.ActiveCfg = Release|Any CPU
		{5CA7C166-7E40-4F45-A339-517C6776BB76}.Release|x64.Build.0 = Release|Any CPU
		{5CA7C166-7E40-4F45-A339-517C6776BB76}.Release|x86.ActiveCfg = Release|Any CPU
		{5CA7C166-7E40-4F45-A339-517C6776BB76}.Release|x86.Build.0 = Release|Any CPU
		{92E6337C-E464-4EA1-9437-929656283440}.Debug|Any CPU.ActiveCfg = Debug|Any CPU
		{92E6337C-E464-4EA1-9437-929656283440}.Debug|Any CPU.Build.0 = Debug|Any CPU
		{92E6337C-E464-4EA1-9437-929656283440}.Debug|x64.ActiveCfg = Debug|Any CPU
		{92E6337C-E464-4EA1-9437-929656283440}.Debug|x64.Build.0 = Debug|Any CPU
		{92E6337C-E464-4EA1-9437-929656283440}.Debug|x86.ActiveCfg = Debug|Any CPU
		{92E6337C-E464-4EA1-9437-929656283440}.Debug|x86.Build.0 = Debug|Any CPU
		{92E6337C-E464-4EA1-9437-929656283440}.Release|Any CPU.ActiveCfg = Release|Any CPU
		{92E6337C-E464-4EA1-9437-929656283440}.Release|Any CPU.Build.0 = Release|Any CPU
		{92E6337C-E464-4EA1-9437-929656283440}.Release|x64.ActiveCfg = Release|Any CPU
		{92E6337C-E464-4EA1-9437-929656283440}.Release|x64.Build.0 = Release|Any CPU
		{92E6337C-E464-4EA1-9437-929656283440}.Release|x86.ActiveCfg = Release|Any CPU
		{92E6337C-E464-4EA1-9437-929656283440}.Release|x86.Build.0 = Release|Any CPU
		{6B14BC34-3783-490A-A294-BF52E4D70438}.Debug|Any CPU.ActiveCfg = Debug|Any CPU
		{6B14BC34-3783-490A-A294-BF52E4D70438}.Debug|Any CPU.Build.0 = Debug|Any CPU
		{6B14BC34-3783-490A-A294-BF52E4D70438}.Debug|x64.ActiveCfg = Debug|Any CPU
		{6B14BC34-3783-490A-A294-BF52E4D70438}.Debug|x64.Build.0 = Debug|Any CPU
		{6B14BC34-3783-490A-A294-BF52E4D70438}.Debug|x86.ActiveCfg = Debug|Any CPU
		{6B14BC34-3783-490A-A294-BF52E4D70438}.Debug|x86.Build.0 = Debug|Any CPU
		{6B14BC34-3783-490A-A294-BF52E4D70438}.Release|Any CPU.ActiveCfg = Release|Any CPU
		{6B14BC34-3783-490A-A294-BF52E4D70438}.Release|Any CPU.Build.0 = Release|Any CPU
		{6B14BC34-3783-490A-A294-BF52E4D70438}.Release|x64.ActiveCfg = Release|Any CPU
		{6B14BC34-3783-490A-A294-BF52E4D70438}.Release|x64.Build.0 = Release|Any CPU
		{6B14BC34-3783-490A-A294-BF52E4D70438}.Release|x86.ActiveCfg = Release|Any CPU
		{6B14BC34-3783-490A-A294-BF52E4D70438}.Release|x86.Build.0 = Release|Any CPU
		{158DDA9F-F801-4CD7-9057-51552FB6A856}.Debug|Any CPU.ActiveCfg = Debug|Any CPU
		{158DDA9F-F801-4CD7-9057-51552FB6A856}.Debug|Any CPU.Build.0 = Debug|Any CPU
		{158DDA9F-F801-4CD7-9057-51552FB6A856}.Debug|x64.ActiveCfg = Debug|Any CPU
		{158DDA9F-F801-4CD7-9057-51552FB6A856}.Debug|x64.Build.0 = Debug|Any CPU
		{158DDA9F-F801-4CD7-9057-51552FB6A856}.Debug|x86.ActiveCfg = Debug|Any CPU
		{158DDA9F-F801-4CD7-9057-51552FB6A856}.Debug|x86.Build.0 = Debug|Any CPU
		{158DDA9F-F801-4CD7-9057-51552FB6A856}.Release|Any CPU.ActiveCfg = Release|Any CPU
		{158DDA9F-F801-4CD7-9057-51552FB6A856}.Release|Any CPU.Build.0 = Release|Any CPU
		{158DDA9F-F801-4CD7-9057-51552FB6A856}.Release|x64.ActiveCfg = Release|Any CPU
		{158DDA9F-F801-4CD7-9057-51552FB6A856}.Release|x64.Build.0 = Release|Any CPU
		{158DDA9F-F801-4CD7-9057-51552FB6A856}.Release|x86.ActiveCfg = Release|Any CPU
		{158DDA9F-F801-4CD7-9057-51552FB6A856}.Release|x86.Build.0 = Release|Any CPU
		{5B73976B-DD81-44F7-8857-FB32EAD4AF8F}.Debug|Any CPU.ActiveCfg = Debug|Any CPU
		{5B73976B-DD81-44F7-8857-FB32EAD4AF8F}.Debug|Any CPU.Build.0 = Debug|Any CPU
		{5B73976B-DD81-44F7-8857-FB32EAD4AF8F}.Debug|x64.ActiveCfg = Debug|Any CPU
		{5B73976B-DD81-44F7-8857-FB32EAD4AF8F}.Debug|x64.Build.0 = Debug|Any CPU
		{5B73976B-DD81-44F7-8857-FB32EAD4AF8F}.Debug|x86.ActiveCfg = Debug|Any CPU
		{5B73976B-DD81-44F7-8857-FB32EAD4AF8F}.Debug|x86.Build.0 = Debug|Any CPU
		{5B73976B-DD81-44F7-8857-FB32EAD4AF8F}.Release|Any CPU.ActiveCfg = Release|Any CPU
		{5B73976B-DD81-44F7-8857-FB32EAD4AF8F}.Release|Any CPU.Build.0 = Release|Any CPU
		{5B73976B-DD81-44F7-8857-FB32EAD4AF8F}.Release|x64.ActiveCfg = Release|Any CPU
		{5B73976B-DD81-44F7-8857-FB32EAD4AF8F}.Release|x64.Build.0 = Release|Any CPU
		{5B73976B-DD81-44F7-8857-FB32EAD4AF8F}.Release|x86.ActiveCfg = Release|Any CPU
		{5B73976B-DD81-44F7-8857-FB32EAD4AF8F}.Release|x86.Build.0 = Release|Any CPU
		{160FF5C1-ED0D-4A53-B3AD-C2F2A0FCC5B7}.Debug|Any CPU.ActiveCfg = Debug|Any CPU
		{160FF5C1-ED0D-4A53-B3AD-C2F2A0FCC5B7}.Debug|Any CPU.Build.0 = Debug|Any CPU
		{160FF5C1-ED0D-4A53-B3AD-C2F2A0FCC5B7}.Debug|x64.ActiveCfg = Debug|Any CPU
		{160FF5C1-ED0D-4A53-B3AD-C2F2A0FCC5B7}.Debug|x64.Build.0 = Debug|Any CPU
		{160FF5C1-ED0D-4A53-B3AD-C2F2A0FCC5B7}.Debug|x86.ActiveCfg = Debug|Any CPU
		{160FF5C1-ED0D-4A53-B3AD-C2F2A0FCC5B7}.Debug|x86.Build.0 = Debug|Any CPU
		{160FF5C1-ED0D-4A53-B3AD-C2F2A0FCC5B7}.Release|Any CPU.ActiveCfg = Release|Any CPU
		{160FF5C1-ED0D-4A53-B3AD-C2F2A0FCC5B7}.Release|Any CPU.Build.0 = Release|Any CPU
		{160FF5C1-ED0D-4A53-B3AD-C2F2A0FCC5B7}.Release|x64.ActiveCfg = Release|Any CPU
		{160FF5C1-ED0D-4A53-B3AD-C2F2A0FCC5B7}.Release|x64.Build.0 = Release|Any CPU
		{160FF5C1-ED0D-4A53-B3AD-C2F2A0FCC5B7}.Release|x86.ActiveCfg = Release|Any CPU
		{160FF5C1-ED0D-4A53-B3AD-C2F2A0FCC5B7}.Release|x86.Build.0 = Release|Any CPU
	EndGlobalSection
	GlobalSection(SolutionProperties) = preSolution
		HideSolutionNode = FALSE
	EndGlobalSection
	GlobalSection(NestedProjects) = preSolution
		{5F8FD2B2-2400-A2B3-11A6-4143C585B5D7} = {827E0CD3-B72D-47B6-A68D-7590B98EB39B}
		{6B8CBE40-8592-4294-AD78-685BD08FD32A} = {5F8FD2B2-2400-A2B3-11A6-4143C585B5D7}
		{C461CF9D-7243-4B83-B67E-92DF509482B6} = {5F8FD2B2-2400-A2B3-11A6-4143C585B5D7}
		{82D6B9D3-B79C-4F54-9790-764BBDA4F147} = {5F8FD2B2-2400-A2B3-11A6-4143C585B5D7}
		{09199FE1-CE9C-40A5-9B52-45040BC24A5F} = {5F8FD2B2-2400-A2B3-11A6-4143C585B5D7}
		{C8E15FDD-04E5-5EAA-C3B2-02DB65FB9DFB} = {0AB3BF05-4346-4AA6-1389-037BE0695223}
		{5CA7C166-7E40-4F45-A339-517C6776BB76} = {C8E15FDD-04E5-5EAA-C3B2-02DB65FB9DFB}
		{1526D96C-3DCC-D988-3E6C-ADC13780DF33} = {827E0CD3-B72D-47B6-A68D-7590B98EB39B}
		{92E6337C-E464-4EA1-9437-929656283440} = {1526D96C-3DCC-D988-3E6C-ADC13780DF33}
		{6B14BC34-3783-490A-A294-BF52E4D70438} = {1526D96C-3DCC-D988-3E6C-ADC13780DF33}
		{158DDA9F-F801-4CD7-9057-51552FB6A856} = {1526D96C-3DCC-D988-3E6C-ADC13780DF33}
		{5B73976B-DD81-44F7-8857-FB32EAD4AF8F} = {1526D96C-3DCC-D988-3E6C-ADC13780DF33}
		{08B724E0-449A-D164-429C-28EA119E1705} = {0AB3BF05-4346-4AA6-1389-037BE0695223}
		{160FF5C1-ED0D-4A53-B3AD-C2F2A0FCC5B7} = {08B724E0-449A-D164-429C-28EA119E1705}
	EndGlobalSection
	GlobalSection(ExtensibilityGlobals) = postSolution
		SolutionGuid = {A3C7ACE1-9AAC-4E3A-A535-D20845E773B8}
	EndGlobalSection
EndGlobal
